
Microsoft Visual Studio Solution File, Format Version 12.00
# Visual Studio Version 16
VisualStudioVersion = 16.0.30128.74
MinimumVisualStudioVersion = 10.0.40219.1
Project("{FAE04EC0-301F-11D3-BF4B-00C04F79EFBC}") = "Kpo4381_kkb.Main", "Kpo4381_kkb.Main\Kpo4381_kkb.Main.csproj", "{3A5AB02B-72B2-4275-BA78-DD5F07CDC568}"
EndProject
Project("{FAE04EC0-301F-11D3-BF4B-00C04F79EFBC}") = "Kpo4381_kkb.Lib", "Kpo4381_kkb.Lib\Kpo4381_kkb.Lib.csproj", "{7A815DE0-A507-4F0E-B211-1D69D31E5A6F}"
EndProject
Project("{FAE04EC0-301F-11D3-BF4B-00C04F79EFBC}") = "CompanyTests", "CompanyTests\CompanyTests.csproj", "{9D1FCAF2-BC10-43F7-A0C3-8588E8B602EC}"
EndProject
Global
	GlobalSection(SolutionConfigurationPlatforms) = preSolution
		Debug|Any CPU = Debug|Any CPU
		Release|Any CPU = Release|Any CPU
	EndGlobalSection
	GlobalSection(ProjectConfigurationPlatforms) = postSolution
		{3A5AB02B-72B2-4275-BA78-DD5F07CDC568}.Debug|Any CPU.ActiveCfg = Debug|Any CPU
		{3A5AB02B-72B2-4275-BA78-DD5F07CDC568}.Debug|Any CPU.Build.0 = Debug|Any CPU
		{3A5AB02B-72B2-4275-BA78-DD5F07CDC568}.Release|Any CPU.ActiveCfg = Release|Any CPU
		{3A5AB02B-72B2-4275-BA78-DD5F07CDC568}.Release|Any CPU.Build.0 = Release|Any CPU
		{7A815DE0-A507-4F0E-B211-1D69D31E5A6F}.Debug|Any CPU.ActiveCfg = Debug|Any CPU
		{7A815DE0-A507-4F0E-B211-1D69D31E5A6F}.Debug|Any CPU.Build.0 = Debug|Any CPU
		{7A815DE0-A507-4F0E-B211-1D69D31E5A6F}.Release|Any CPU.ActiveCfg = Release|Any CPU
		{7A815DE0-A507-4F0E-B211-1D69D31E5A6F}.Release|Any CPU.Build.0 = Release|Any CPU
		{9D1FCAF2-BC10-43F7-A0C3-8588E8B602EC}.Debug|Any CPU.ActiveCfg = Debug|Any CPU
		{9D1FCAF2-BC10-43F7-A0C3-8588E8B602EC}.Debug|Any CPU.Build.0 = Debug|Any CPU
		{9D1FCAF2-BC10-43F7-A0C3-8588E8B602EC}.Release|Any CPU.ActiveCfg = Release|Any CPU
		{9D1FCAF2-BC10-43F7-A0C3-8588E8B602EC}.Release|Any CPU.Build.0 = Release|Any CPU
	EndGlobalSection
	GlobalSection(SolutionProperties) = preSolution
		HideSolutionNode = FALSE
	EndGlobalSection
	GlobalSection(ExtensibilityGlobals) = postSolution
		SolutionGuid = {3B8EBEE0-59DB-4200-8270-D18658CC79BE}
	EndGlobalSection
EndGlobal
